// !$*UTF8*$!
{
	archiveVersion = 1;
	classes = {
	};
	objectVersion = 56;
	objects = {

/* Begin PBXBuildFile section */
		04FABADE2C774EBD00E6891B /* AppDelegate.swift in Sources */ = {isa = PBXBuildFile; fileRef = 04FABADD2C774EBD00E6891B /* AppDelegate.swift */; };
		04FABAE02C774EBD00E6891B /* SceneDelegate.swift in Sources */ = {isa = PBXBuildFile; fileRef = 04FABADF2C774EBD00E6891B /* SceneDelegate.swift */; };
		04FABAE22C774EBD00E6891B /* ViewController.swift in Sources */ = {isa = PBXBuildFile; fileRef = 04FABAE12C774EBD00E6891B /* ViewController.swift */; };
		04FABAE52C774EBD00E6891B /* Base in Resources */ = {isa = PBXBuildFile; fileRef = 04FABAE42C774EBD00E6891B /* Base */; };
		04FABAE72C774EBE00E6891B /* Assets.xcassets in Resources */ = {isa = PBXBuildFile; fileRef = 04FABAE62C774EBE00E6891B /* Assets.xcassets */; };
		04FABAEA2C774EBE00E6891B /* Base in Resources */ = {isa = PBXBuildFile; fileRef = 04FABAE92C774EBE00E6891B /* Base */; };
		04FABAF52C774EBE00E6891B /* iTunesSearchApiTests.swift in Sources */ = {isa = PBXBuildFile; fileRef = 04FABAF42C774EBE00E6891B /* iTunesSearchApiTests.swift */; };
		04FABAFF2C774EBE00E6891B /* iTunesSearchApiUITests.swift in Sources */ = {isa = PBXBuildFile; fileRef = 04FABAFE2C774EBE00E6891B /* iTunesSearchApiUITests.swift */; };
		04FABB012C774EBE00E6891B /* iTunesSearchApiUITestsLaunchTests.swift in Sources */ = {isa = PBXBuildFile; fileRef = 04FABB002C774EBE00E6891B /* iTunesSearchApiUITestsLaunchTests.swift */; };
/* End PBXBuildFile section */

/* Begin PBXContainerItemProxy section */
		04FABAF12C774EBE00E6891B /* PBXContainerItemProxy */ = {
			isa = PBXContainerItemProxy;
			containerPortal = 04FABAD22C774EBD00E6891B /* Project object */;
			proxyType = 1;
			remoteGlobalIDString = 04FABAD92C774EBD00E6891B;
			remoteInfo = iTunesSearchApi;
		};
		04FABAFB2C774EBE00E6891B /* PBXContainerItemProxy */ = {
			isa = PBXContainerItemProxy;
			containerPortal = 04FABAD22C774EBD00E6891B /* Project object */;
			proxyType = 1;
			remoteGlobalIDString = 04FABAD92C774EBD00E6891B;
			remoteInfo = iTunesSearchApi;
		};
/* End PBXContainerItemProxy section */

/* Begin PBXFileReference section */
		04FABADA2C774EBD00E6891B /* iTunesSearchApi.app */ = {isa = PBXFileReference; explicitFileType = wrapper.application; includeInIndex = 0; path = iTunesSearchApi.app; sourceTree = BUILT_PRODUCTS_DIR; };
		04FABADD2C774EBD00E6891B /* AppDelegate.swift */ = {isa = PBXFileReference; lastKnownFileType = sourcecode.swift; path = AppDelegate.swift; sourceTree = "<group>"; };
		04FABADF2C774EBD00E6891B /* SceneDelegate.swift */ = {isa = PBXFileReference; lastKnownFileType = sourcecode.swift; path = SceneDelegate.swift; sourceTree = "<group>"; };
		04FABAE12C774EBD00E6891B /* ViewController.swift */ = {isa = PBXFileReference; lastKnownFileType = sourcecode.swift; path = ViewController.swift; sourceTree = "<group>"; };
		04FABAE42C774EBD00E6891B /* Base */ = {isa = PBXFileReference; lastKnownFileType = file.storyboard; name = Base; path = Base.lproj/Main.storyboard; sourceTree = "<group>"; };
		04FABAE62C774EBE00E6891B /* Assets.xcassets */ = {isa = PBXFileReference; lastKnownFileType = folder.assetcatalog; path = Assets.xcassets; sourceTree = "<group>"; };
		04FABAE92C774EBE00E6891B /* Base */ = {isa = PBXFileReference; lastKnownFileType = file.storyboard; name = Base; path = Base.lproj/LaunchScreen.storyboard; sourceTree = "<group>"; };
		04FABAEB2C774EBE00E6891B /* Info.plist */ = {isa = PBXFileReference; lastKnownFileType = text.plist.xml; path = Info.plist; sourceTree = "<group>"; };
		04FABAF02C774EBE00E6891B /* iTunesSearchApiTests.xctest */ = {isa = PBXFileReference; explicitFileType = wrapper.cfbundle; includeInIndex = 0; path = iTunesSearchApiTests.xctest; sourceTree = BUILT_PRODUCTS_DIR; };
		04FABAF42C774EBE00E6891B /* iTunesSearchApiTests.swift */ = {isa = PBXFileReference; lastKnownFileType = sourcecode.swift; path = iTunesSearchApiTests.swift; sourceTree = "<group>"; };
		04FABAFA2C774EBE00E6891B /* iTunesSearchApiUITests.xctest */ = {isa = PBXFileReference; explicitFileType = wrapper.cfbundle; includeInIndex = 0; path = iTunesSearchApiUITests.xctest; sourceTree = BUILT_PRODUCTS_DIR; };
		04FABAFE2C774EBE00E6891B /* iTunesSearchApiUITests.swift */ = {isa = PBXFileReference; lastKnownFileType = sourcecode.swift; path = iTunesSearchApiUITests.swift; sourceTree = "<group>"; };
		04FABB002C774EBE00E6891B /* iTunesSearchApiUITestsLaunchTests.swift */ = {isa = PBXFileReference; lastKnownFileType = sourcecode.swift; path = iTunesSearchApiUITestsLaunchTests.swift; sourceTree = "<group>"; };
/* End PBXFileReference section */

/* Begin PBXFrameworksBuildPhase section */
		04FABAD72C774EBD00E6891B /* Frameworks */ = {
			isa = PBXFrameworksBuildPhase;
			buildActionMask = 2147483647;
			files = (
			);
			runOnlyForDeploymentPostprocessing = 0;
		};
		04FABAED2C774EBE00E6891B /* Frameworks */ = {
			isa = PBXFrameworksBuildPhase;
			buildActionMask = 2147483647;
			files = (
			);
			runOnlyForDeploymentPostprocessing = 0;
		};
		04FABAF72C774EBE00E6891B /* Frameworks */ = {
			isa = PBXFrameworksBuildPhase;
			buildActionMask = 2147483647;
			files = (
			);
			runOnlyForDeploymentPostprocessing = 0;
		};
/* End PBXFrameworksBuildPhase section */

/* Begin PBXGroup section */
		04FABAD12C774EBD00E6891B = {
			isa = PBXGroup;
			children = (
				04FABADC2C774EBD00E6891B /* iTunesSearchApi */,
				04FABAF32C774EBE00E6891B /* iTunesSearchApiTests */,
				04FABAFD2C774EBE00E6891B /* iTunesSearchApiUITests */,
				04FABADB2C774EBD00E6891B /* Products */,
			);
			sourceTree = "<group>";
		};
		04FABADB2C774EBD00E6891B /* Products */ = {
			isa = PBXGroup;
			children = (
				04FABADA2C774EBD00E6891B /* iTunesSearchApi.app */,
				04FABAF02C774EBE00E6891B /* iTunesSearchApiTests.xctest */,
				04FABAFA2C774EBE00E6891B /* iTunesSearchApiUITests.xctest */,
			);
			name = Products;
			sourceTree = "<group>";
		};
		04FABADC2C774EBD00E6891B /* iTunesSearchApi */ = {
			isa = PBXGroup;
			children = (
				04FABADD2C774EBD00E6891B /* AppDelegate.swift */,
				04FABADF2C774EBD00E6891B /* SceneDelegate.swift */,
				04FABAE12C774EBD00E6891B /* ViewController.swift */,
				04FABAE32C774EBD00E6891B /* Main.storyboard */,
				04FABAE62C774EBE00E6891B /* Assets.xcassets */,
				04FABAE82C774EBE00E6891B /* LaunchScreen.storyboard */,
				04FABAEB2C774EBE00E6891B /* Info.plist */,
			);
			path = iTunesSearchApi;
			sourceTree = "<group>";
		};
		04FABAF32C774EBE00E6891B /* iTunesSearchApiTests */ = {
			isa = PBXGroup;
			children = (
				04FABAF42C774EBE00E6891B /* iTunesSearchApiTests.swift */,
			);
			path = iTunesSearchApiTests;
			sourceTree = "<group>";
		};
		04FABAFD2C774EBE00E6891B /* iTunesSearchApiUITests */ = {
			isa = PBXGroup;
			children = (
				04FABAFE2C774EBE00E6891B /* iTunesSearchApiUITests.swift */,
				04FABB002C774EBE00E6891B /* iTunesSearchApiUITestsLaunchTests.swift */,
			);
			path = iTunesSearchApiUITests;
			sourceTree = "<group>";
		};
/* End PBXGroup section */

/* Begin PBXNativeTarget section */
		04FABAD92C774EBD00E6891B /* iTunesSearchApi */ = {
			isa = PBXNativeTarget;
			buildConfigurationList = 04FABB042C774EBE00E6891B /* Build configuration list for PBXNativeTarget "iTunesSearchApi" */;
			buildPhases = (
				04FABAD62C774EBD00E6891B /* Sources */,
				04FABAD72C774EBD00E6891B /* Frameworks */,
				04FABAD82C774EBD00E6891B /* Resources */,
			);
			buildRules = (
			);
			dependencies = (
			);
			name = iTunesSearchApi;
			productName = iTunesSearchApi;
			productReference = 04FABADA2C774EBD00E6891B /* iTunesSearchApi.app */;
			productType = "com.apple.product-type.application";
		};
		04FABAEF2C774EBE00E6891B /* iTunesSearchApiTests */ = {
			isa = PBXNativeTarget;
			buildConfigurationList = 04FABB072C774EBE00E6891B /* Build configuration list for PBXNativeTarget "iTunesSearchApiTests" */;
			buildPhases = (
				04FABAEC2C774EBE00E6891B /* Sources */,
				04FABAED2C774EBE00E6891B /* Frameworks */,
				04FABAEE2C774EBE00E6891B /* Resources */,
			);
			buildRules = (
			);
			dependencies = (
				04FABAF22C774EBE00E6891B /* PBXTargetDependency */,
			);
			name = iTunesSearchApiTests;
			productName = iTunesSearchApiTests;
			productReference = 04FABAF02C774EBE00E6891B /* iTunesSearchApiTests.xctest */;
			productType = "com.apple.product-type.bundle.unit-test";
		};
		04FABAF92C774EBE00E6891B /* iTunesSearchApiUITests */ = {
			isa = PBXNativeTarget;
			buildConfigurationList = 04FABB0A2C774EBE00E6891B /* Build configuration list for PBXNativeTarget "iTunesSearchApiUITests" */;
			buildPhases = (
				04FABAF62C774EBE00E6891B /* Sources */,
				04FABAF72C774EBE00E6891B /* Frameworks */,
				04FABAF82C774EBE00E6891B /* Resources */,
			);
			buildRules = (
			);
			dependencies = (
				04FABAFC2C774EBE00E6891B /* PBXTargetDependency */,
			);
			name = iTunesSearchApiUITests;
			productName = iTunesSearchApiUITests;
			productReference = 04FABAFA2C774EBE00E6891B /* iTunesSearchApiUITests.xctest */;
			productType = "com.apple.product-type.bundle.ui-testing";
		};
/* End PBXNativeTarget section */

/* Begin PBXProject section */
		04FABAD22C774EBD00E6891B /* Project object */ = {
			isa = PBXProject;
			attributes = {
				BuildIndependentTargetsInParallel = 1;
				LastSwiftUpdateCheck = 1530;
				LastUpgradeCheck = 1530;
				TargetAttributes = {
					04FABAD92C774EBD00E6891B = {
						CreatedOnToolsVersion = 15.3;
					};
					04FABAEF2C774EBE00E6891B = {
						CreatedOnToolsVersion = 15.3;
						TestTargetID = 04FABAD92C774EBD00E6891B;
					};
					04FABAF92C774EBE00E6891B = {
						CreatedOnToolsVersion = 15.3;
						TestTargetID = 04FABAD92C774EBD00E6891B;
					};
				};
			};
			buildConfigurationList = 04FABAD52C774EBD00E6891B /* Build configuration list for PBXProject "iTunesSearchApi" */;
			compatibilityVersion = "Xcode 14.0";
			developmentRegion = en;
			hasScannedForEncodings = 0;
			knownRegions = (
				en,
				Base,
			);
			mainGroup = 04FABAD12C774EBD00E6891B;
			productRefGroup = 04FABADB2C774EBD00E6891B /* Products */;
			projectDirPath = "";
			projectRoot = "";
			targets = (
				04FABAD92C774EBD00E6891B /* iTunesSearchApi */,
				04FABAEF2C774EBE00E6891B /* iTunesSearchApiTests */,
				04FABAF92C774EBE00E6891B /* iTunesSearchApiUITests */,
			);
		};
/* End PBXProject section */

/* Begin PBXResourcesBuildPhase section */
		04FABAD82C774EBD00E6891B /* Resources */ = {
			isa = PBXResourcesBuildPhase;
			buildActionMask = 2147483647;
			files = (
				04FABAE72C774EBE00E6891B /* Assets.xcassets in Resources */,
				04FABAEA2C774EBE00E6891B /* Base in Resources */,
				04FABAE52C774EBD00E6891B /* Base in Resources */,
			);
			runOnlyForDeploymentPostprocessing = 0;
		};
		04FABAEE2C774EBE00E6891B /* Resources */ = {
			isa = PBXResourcesBuildPhase;
			buildActionMask = 2147483647;
			files = (
			);
			runOnlyForDeploymentPostprocessing = 0;
		};
		04FABAF82C774EBE00E6891B /* Resources */ = {
			isa = PBXResourcesBuildPhase;
			buildActionMask = 2147483647;
			files = (
			);
			runOnlyForDeploymentPostprocessing = 0;
		};
/* End PBXResourcesBuildPhase section */

/* Begin PBXSourcesBuildPhase section */
		04FABAD62C774EBD00E6891B /* Sources */ = {
			isa = PBXSourcesBuildPhase;
			buildActionMask = 2147483647;
			files = (
				04FABAE22C774EBD00E6891B /* ViewController.swift in Sources */,
				04FABADE2C774EBD00E6891B /* AppDelegate.swift in Sources */,
				04FABAE02C774EBD00E6891B /* SceneDelegate.swift in Sources */,
			);
			runOnlyForDeploymentPostprocessing = 0;
		};
		04FABAEC2C774EBE00E6891B /* Sources */ = {
			isa = PBXSourcesBuildPhase;
			buildActionMask = 2147483647;
			files = (
				04FABAF52C774EBE00E6891B /* iTunesSearchApiTests.swift in Sources */,
			);
			runOnlyForDeploymentPostprocessing = 0;
		};
		04FABAF62C774EBE00E6891B /* Sources */ = {
			isa = PBXSourcesBuildPhase;
			buildActionMask = 2147483647;
			files = (
				04FABAFF2C774EBE00E6891B /* iTunesSearchApiUITests.swift in Sources */,
				04FABB012C774EBE00E6891B /* iTunesSearchApiUITestsLaunchTests.swift in Sources */,
			);
			runOnlyForDeploymentPostprocessing = 0;
		};
/* End PBXSourcesBuildPhase section */

/* Begin PBXTargetDependency section */
		04FABAF22C774EBE00E6891B /* PBXTargetDependency */ = {
			isa = PBXTargetDependency;
			target = 04FABAD92C774EBD00E6891B /* iTunesSearchApi */;
			targetProxy = 04FABAF12C774EBE00E6891B /* PBXContainerItemProxy */;
		};
		04FABAFC2C774EBE00E6891B /* PBXTargetDependency */ = {
			isa = PBXTargetDependency;
			target = 04FABAD92C774EBD00E6891B /* iTunesSearchApi */;
			targetProxy = 04FABAFB2C774EBE00E6891B /* PBXContainerItemProxy */;
		};
/* End PBXTargetDependency section */

/* Begin PBXVariantGroup section */
		04FABAE32C774EBD00E6891B /* Main.storyboard */ = {
			isa = PBXVariantGroup;
			children = (
				04FABAE42C774EBD00E6891B /* Base */,
			);
			name = Main.storyboard;
			sourceTree = "<group>";
		};
		04FABAE82C774EBE00E6891B /* LaunchScreen.storyboard */ = {
			isa = PBXVariantGroup;
			children = (
				04FABAE92C774EBE00E6891B /* Base */,
			);
			name = LaunchScreen.storyboard;
			sourceTree = "<group>";
		};
/* End PBXVariantGroup section */

/* Begin XCBuildConfiguration section */
		04FABB022C774EBE00E6891B /* Debug */ = {
			isa = XCBuildConfiguration;
			buildSettings = {
				ALWAYS_SEARCH_USER_PATHS = NO;
				ASSETCATALOG_COMPILER_GENERATE_SWIFT_ASSET_SYMBOL_EXTENSIONS = YES;
				CLANG_ANALYZER_NONNULL = YES;
				CLANG_ANALYZER_NUMBER_OBJECT_CONVERSION = YES_AGGRESSIVE;
				CLANG_CXX_LANGUAGE_STANDARD = "gnu++20";
				CLANG_ENABLE_MODULES = YES;
				CLANG_ENABLE_OBJC_ARC = YES;
				CLANG_ENABLE_OBJC_WEAK = YES;
				CLANG_WARN_BLOCK_CAPTURE_AUTORELEASING = YES;
				CLANG_WARN_BOOL_CONVERSION = YES;
				CLANG_WARN_COMMA = YES;
				CLANG_WARN_CONSTANT_CONVERSION = YES;
				CLANG_WARN_DEPRECATED_OBJC_IMPLEMENTATIONS = YES;
				CLANG_WARN_DIRECT_OBJC_ISA_USAGE = YES_ERROR;
				CLANG_WARN_DOCUMENTATION_COMMENTS = YES;
				CLANG_WARN_EMPTY_BODY = YES;
				CLANG_WARN_ENUM_CONVERSION = YES;
				CLANG_WARN_INFINITE_RECURSION = YES;
				CLANG_WARN_INT_CONVERSION = YES;
				CLANG_WARN_NON_LITERAL_NULL_CONVERSION = YES;
				CLANG_WARN_OBJC_IMPLICIT_RETAIN_SELF = YES;
				CLANG_WARN_OBJC_LITERAL_CONVERSION = YES;
				CLANG_WARN_OBJC_ROOT_CLASS = YES_ERROR;
				CLANG_WARN_QUOTED_INCLUDE_IN_FRAMEWORK_HEADER = YES;
				CLANG_WARN_RANGE_LOOP_ANALYSIS = YES;
				CLANG_WARN_STRICT_PROTOTYPES = YES;
				CLANG_WARN_SUSPICIOUS_MOVE = YES;
				CLANG_WARN_UNGUARDED_AVAILABILITY = YES_AGGRESSIVE;
				CLANG_WARN_UNREACHABLE_CODE = YES;
				CLANG_WARN__DUPLICATE_METHOD_MATCH = YES;
				COPY_PHASE_STRIP = NO;
				DEBUG_INFORMATION_FORMAT = dwarf;
				ENABLE_STRICT_OBJC_MSGSEND = YES;
				ENABLE_TESTABILITY = YES;
				ENABLE_USER_SCRIPT_SANDBOXING = YES;
				GCC_C_LANGUAGE_STANDARD = gnu17;
				GCC_DYNAMIC_NO_PIC = NO;
				GCC_NO_COMMON_BLOCKS = YES;
				GCC_OPTIMIZATION_LEVEL = 0;
				GCC_PREPROCESSOR_DEFINITIONS = (
					"DEBUG=1",
					"$(inherited)",
				);
				GCC_WARN_64_TO_32_BIT_CONVERSION = YES;
				GCC_WARN_ABOUT_RETURN_TYPE = YES_ERROR;
				GCC_WARN_UNDECLARED_SELECTOR = YES;
				GCC_WARN_UNINITIALIZED_AUTOS = YES_AGGRESSIVE;
				GCC_WARN_UNUSED_FUNCTION = YES;
				GCC_WARN_UNUSED_VARIABLE = YES;
				IPHONEOS_DEPLOYMENT_TARGET = 17.4;
				LOCALIZATION_PREFERS_STRING_CATALOGS = YES;
				MTL_ENABLE_DEBUG_INFO = INCLUDE_SOURCE;
				MTL_FAST_MATH = YES;
				ONLY_ACTIVE_ARCH = YES;
				SDKROOT = iphoneos;
				SWIFT_ACTIVE_COMPILATION_CONDITIONS = "DEBUG $(inherited)";
				SWIFT_OPTIMIZATION_LEVEL = "-Onone";
			};
			name = Debug;
		};
		04FABB032C774EBE00E6891B /* Release */ = {
			isa = XCBuildConfiguration;
			buildSettings = {
				ALWAYS_SEARCH_USER_PATHS = NO;
				ASSETCATALOG_COMPILER_GENERATE_SWIFT_ASSET_SYMBOL_EXTENSIONS = YES;
				CLANG_ANALYZER_NONNULL = YES;
				CLANG_ANALYZER_NUMBER_OBJECT_CONVERSION = YES_AGGRESSIVE;
				CLANG_CXX_LANGUAGE_STANDARD = "gnu++20";
				CLANG_ENABLE_MODULES = YES;
				CLANG_ENABLE_OBJC_ARC = YES;
				CLANG_ENABLE_OBJC_WEAK = YES;
				CLANG_WARN_BLOCK_CAPTURE_AUTORELEASING = YES;
				CLANG_WARN_BOOL_CONVERSION = YES;
				CLANG_WARN_COMMA = YES;
				CLANG_WARN_CONSTANT_CONVERSION = YES;
				CLANG_WARN_DEPRECATED_OBJC_IMPLEMENTATIONS = YES;
				CLANG_WARN_DIRECT_OBJC_ISA_USAGE = YES_ERROR;
				CLANG_WARN_DOCUMENTATION_COMMENTS = YES;
				CLANG_WARN_EMPTY_BODY = YES;
				CLANG_WARN_ENUM_CONVERSION = YES;
				CLANG_WARN_INFINITE_RECURSION = YES;
				CLANG_WARN_INT_CONVERSION = YES;
				CLANG_WARN_NON_LITERAL_NULL_CONVERSION = YES;
				CLANG_WARN_OBJC_IMPLICIT_RETAIN_SELF = YES;
				CLANG_WARN_OBJC_LITERAL_CONVERSION = YES;
				CLANG_WARN_OBJC_ROOT_CLASS = YES_ERROR;
				CLANG_WARN_QUOTED_INCLUDE_IN_FRAMEWORK_HEADER = YES;
				CLANG_WARN_RANGE_LOOP_ANALYSIS = YES;
				CLANG_WARN_STRICT_PROTOTYPES = YES;
				CLANG_WARN_SUSPICIOUS_MOVE = YES;
				CLANG_WARN_UNGUARDED_AVAILABILITY = YES_AGGRESSIVE;
				CLANG_WARN_UNREACHABLE_CODE = YES;
				CLANG_WARN__DUPLICATE_METHOD_MATCH = YES;
				COPY_PHASE_STRIP = NO;
				DEBUG_INFORMATION_FORMAT = "dwarf-with-dsym";
				ENABLE_NS_ASSERTIONS = NO;
				ENABLE_STRICT_OBJC_MSGSEND = YES;
				ENABLE_USER_SCRIPT_SANDBOXING = YES;
				GCC_C_LANGUAGE_STANDARD = gnu17;
				GCC_NO_COMMON_BLOCKS = YES;
				GCC_WARN_64_TO_32_BIT_CONVERSION = YES;
				GCC_WARN_ABOUT_RETURN_TYPE = YES_ERROR;
				GCC_WARN_UNDECLARED_SELECTOR = YES;
				GCC_WARN_UNINITIALIZED_AUTOS = YES_AGGRESSIVE;
				GCC_WARN_UNUSED_FUNCTION = YES;
				GCC_WARN_UNUSED_VARIABLE = YES;
				IPHONEOS_DEPLOYMENT_TARGET = 17.4;
				LOCALIZATION_PREFERS_STRING_CATALOGS = YES;
				MTL_ENABLE_DEBUG_INFO = NO;
				MTL_FAST_MATH = YES;
				SDKROOT = iphoneos;
				SWIFT_COMPILATION_MODE = wholemodule;
				VALIDATE_PRODUCT = YES;
			};
			name = Release;
		};
		04FABB052C774EBE00E6891B /* Debug */ = {
			isa = XCBuildConfiguration;
			buildSettings = {
				ASSETCATALOG_COMPILER_APPICON_NAME = AppIcon;
				ASSETCATALOG_COMPILER_GLOBAL_ACCENT_COLOR_NAME = AccentColor;
				CODE_SIGN_STYLE = Automatic;
				CURRENT_PROJECT_VERSION = 1;
				DEVELOPMENT_TEAM = 8A7668SF83;
				GENERATE_INFOPLIST_FILE = YES;
				INFOPLIST_FILE = iTunesSearchApi/Info.plist;
				INFOPLIST_KEY_UIApplicationSupportsIndirectInputEvents = YES;
				INFOPLIST_KEY_UILaunchStoryboardName = LaunchScreen;
				INFOPLIST_KEY_UIMainStoryboardFile = Main;
				INFOPLIST_KEY_UISupportedInterfaceOrientations_iPad = "UIInterfaceOrientationPortrait UIInterfaceOrientationPortraitUpsideDown UIInterfaceOrientationLandscapeLeft UIInterfaceOrientationLandscapeRight";
				INFOPLIST_KEY_UISupportedInterfaceOrientations_iPhone = "UIInterfaceOrientationPortrait UIInterfaceOrientationLandscapeLeft UIInterfaceOrientationLandscapeRight";
				LD_RUNPATH_SEARCH_PATHS = (
					"$(inherited)",
					"@executable_path/Frameworks",
				);
				MARKETING_VERSION = 1.0;
				PRODUCT_BUNDLE_IDENTIFIER = com.kmi.iTunesSearchApi;
				PRODUCT_NAME = "$(TARGET_NAME)";
				SWIFT_EMIT_LOC_STRINGS = YES;
				SWIFT_VERSION = 5.0;
				TARGETED_DEVICE_FAMILY = "1,2";
			};
			name = Debug;
		};
		04FABB062C774EBE00E6891B /* Release */ = {
			isa = XCBuildConfiguration;
			buildSettings = {
				ASSETCATALOG_COMPILER_APPICON_NAME = AppIcon;
				ASSETCATALOG_COMPILER_GLOBAL_ACCENT_COLOR_NAME = AccentColor;
				CODE_SIGN_STYLE = Automatic;
				CURRENT_PROJECT_VERSION = 1;
				DEVELOPMENT_TEAM = 8A7668SF83;
				GENERATE_INFOPLIST_FILE = YES;
				INFOPLIST_FILE = iTunesSearchApi/Info.plist;
				INFOPLIST_KEY_UIApplicationSupportsIndirectInputEvents = YES;
				INFOPLIST_KEY_UILaunchStoryboardName = LaunchScreen;
				INFOPLIST_KEY_UIMainStoryboardFile = Main;
				INFOPLIST_KEY_UISupportedInterfaceOrientations_iPad = "UIInterfaceOrientationPortrait UIInterfaceOrientationPortraitUpsideDown UIInterfaceOrientationLandscapeLeft UIInterfaceOrientationLandscapeRight";
				INFOPLIST_KEY_UISupportedInterfaceOrientations_iPhone = "UIInterfaceOrientationPortrait UIInterfaceOrientationLandscapeLeft UIInterfaceOrientationLandscapeRight";
				LD_RUNPATH_SEARCH_PATHS = (
					"$(inherited)",
					"@executable_path/Frameworks",
				);
				MARKETING_VERSION = 1.0;
				PRODUCT_BUNDLE_IDENTIFIER = com.kmi.iTunesSearchApi;
				PRODUCT_NAME = "$(TARGET_NAME)";
				SWIFT_EMIT_LOC_STRINGS = YES;
				SWIFT_VERSION = 5.0;
				TARGETED_DEVICE_FAMILY = "1,2";
			};
			name = Release;
		};
		04FABB082C774EBE00E6891B /* Debug */ = {
			isa = XCBuildConfiguration;
			buildSettings = {
				ALWAYS_EMBED_SWIFT_STANDARD_LIBRARIES = YES;
				BUNDLE_LOADER = "$(TEST_HOST)";
				CODE_SIGN_STYLE = Automatic;
				CURRENT_PROJECT_VERSION = 1;
				DEVELOPMENT_TEAM = 8A7668SF83;
				GENERATE_INFOPLIST_FILE = YES;
				IPHONEOS_DEPLOYMENT_TARGET = 17.4;
				MARKETING_VERSION = 1.0;
				PRODUCT_BUNDLE_IDENTIFIER = com.kmi.iTunesSearchApiTests;
				PRODUCT_NAME = "$(TARGET_NAME)";
				SWIFT_EMIT_LOC_STRINGS = NO;
				SWIFT_VERSION = 5.0;
				TARGETED_DEVICE_FAMILY = "1,2";
				TEST_HOST = "$(BUILT_PRODUCTS_DIR)/iTunesSearchApi.app/$(BUNDLE_EXECUTABLE_FOLDER_PATH)/iTunesSearchApi";
			};
			name = Debug;
		};
		04FABB092C774EBE00E6891B /* Release */ = {
			isa = XCBuildConfiguration;
			buildSettings = {
				ALWAYS_EMBED_SWIFT_STANDARD_LIBRARIES = YES;
				BUNDLE_LOADER = "$(TEST_HOST)";
				CODE_SIGN_STYLE = Automatic;
				CURRENT_PROJECT_VERSION = 1;
				DEVELOPMENT_TEAM = 8A7668SF83;
				GENERATE_INFOPLIST_FILE = YES;
				IPHONEOS_DEPLOYMENT_TARGET = 17.4;
				MARKETING_VERSION = 1.0;
				PRODUCT_BUNDLE_IDENTIFIER = com.kmi.iTunesSearchApiTests;
				PRODUCT_NAME = "$(TARGET_NAME)";
				SWIFT_EMIT_LOC_STRINGS = NO;
				SWIFT_VERSION = 5.0;
				TARGETED_DEVICE_FAMILY = "1,2";
				TEST_HOST = "$(BUILT_PRODUCTS_DIR)/iTunesSearchApi.app/$(BUNDLE_EXECUTABLE_FOLDER_PATH)/iTunesSearchApi";
			};
			name = Release;
		};
		04FABB0B2C774EBE00E6891B /* Debug */ = {
			isa = XCBuildConfiguration;
			buildSettings = {
				ALWAYS_EMBED_SWIFT_STANDARD_LIBRARIES = YES;
				CODE_SIGN_STYLE = Automatic;
				CURRENT_PROJECT_VERSION = 1;
				DEVELOPMENT_TEAM = 8A7668SF83;
				GENERATE_INFOPLIST_FILE = YES;
				MARKETING_VERSION = 1.0;
				PRODUCT_BUNDLE_IDENTIFIER = com.kmi.iTunesSearchApiUITests;
				PRODUCT_NAME = "$(TARGET_NAME)";
				SWIFT_EMIT_LOC_STRINGS = NO;
				SWIFT_VERSION = 5.0;
				TARGETED_DEVICE_FAMILY = "1,2";
				TEST_TARGET_NAME = iTunesSearchApi;
			};
			name = Debug;
		};
		04FABB0C2C774EBE00E6891B /* Release */ = {
			isa = XCBuildConfiguration;
			buildSettings = {
				ALWAYS_EMBED_SWIFT_STANDARD_LIBRARIES = YES;
				CODE_SIGN_STYLE = Automatic;
				CURRENT_PROJECT_VERSION = 1;
				DEVELOPMENT_TEAM = 8A7668SF83;
				GENERATE_INFOPLIST_FILE = YES;
				MARKETING_VERSION = 1.0;
				PRODUCT_BUNDLE_IDENTIFIER = com.kmi.iTunesSearchApiUITests;
				PRODUCT_NAME = "$(TARGET_NAME)";
				SWIFT_EMIT_LOC_STRINGS = NO;
				SWIFT_VERSION = 5.0;
				TARGETED_DEVICE_FAMILY = "1,2";
				TEST_TARGET_NAME = iTunesSearchApi;
			};
			name = Release;
		};
/* End XCBuildConfiguration section */

/* Begin XCConfigurationList section */
		04FABAD52C774EBD00E6891B /* Build configuration list for PBXProject "iTunesSearchApi" */ = {
			isa = XCConfigurationList;
			buildConfigurations = (
				04FABB022C774EBE00E6891B /* Debug */,
				04FABB032C774EBE00E6891B /* Release */,
			);
			defaultConfigurationIsVisible = 0;
			defaultConfigurationName = Release;
		};
		04FABB042C774EBE00E6891B /* Build configuration list for PBXNativeTarget "iTunesSearchApi" */ = {
			isa = XCConfigurationList;
			buildConfigurations = (
				04FABB052C774EBE00E6891B /* Debug */,
				04FABB062C774EBE00E6891B /* Release */,
			);
			defaultConfigurationIsVisible = 0;
			defaultConfigurationName = Release;
		};
		04FABB072C774EBE00E6891B /* Build configuration list for PBXNativeTarget "iTunesSearchApiTests" */ = {
			isa = XCConfigurationList;
			buildConfigurations = (
				04FABB082C774EBE00E6891B /* Debug */,
				04FABB092C774EBE00E6891B /* Release */,
			);
			defaultConfigurationIsVisible = 0;
			defaultConfigurationName = Release;
		};
		04FABB0A2C774EBE00E6891B /* Build configuration list for PBXNativeTarget "iTunesSearchApiUITests" */ = {
			isa = XCConfigurationList;
			buildConfigurations = (
				04FABB0B2C774EBE00E6891B /* Debug */,
				04FABB0C2C774EBE00E6891B /* Release */,
			);
			defaultConfigurationIsVisible = 0;
			defaultConfigurationName = Release;
		};
/* End XCConfigurationList section */
	};
	rootObject = 04FABAD22C774EBD00E6891B /* Project object */;
}
